
Microsoft Visual Studio Solution File, Format Version 12.00
# Visual Studio Version 17
VisualStudioVersion = 17.2.32602.215
MinimumVisualStudioVersion = 10.0.40219.1
Project("{FAE04EC0-301F-11D3-BF4B-00C04F79EFBC}") = "ACM.BL", "ACM.BL\ACM.BL.csproj", "{4CA28B90-846C-4248-A6DC-48AE779BA829}"
EndProject
Project("{2150E333-8FDC-42A3-9474-1A3956D46DE8}") = "Tests", "Tests", "{1BA447FE-E619-4F52-9C40-BAE80D6AD334}"
EndProject
Project("{FAE04EC0-301F-11D3-BF4B-00C04F79EFBC}") = "ACM.BLTest", "Tests\ACM.BLTest\ACM.BLTest.csproj", "{CC145916-7DC6-4D8E-9EBE-053F5E08738C}"
EndProject
Project("{FAE04EC0-301F-11D3-BF4B-00C04F79EFBC}") = "Acme.Common", "Acme.Common\Acme.Common.csproj", "{92ADB1C6-FF6B-4041-8064-A52DD6DE8D04}"
EndProject
Project("{FAE04EC0-301F-11D3-BF4B-00C04F79EFBC}") = "Acme.CommonTests", "Tests\Acme.CommonTests\Acme.CommonTests.csproj", "{8A85AC3B-B73C-4BFB-A910-841782A89501}"
EndProject
Global
	GlobalSection(SolutionConfigurationPlatforms) = preSolution
		Debug|Any CPU = Debug|Any CPU
		Release|Any CPU = Release|Any CPU
	EndGlobalSection
	GlobalSection(ProjectConfigurationPlatforms) = postSolution
		{4CA28B90-846C-4248-A6DC-48AE779BA829}.Debug|Any CPU.ActiveCfg = Debug|Any CPU
		{4CA28B90-846C-4248-A6DC-48AE779BA829}.Debug|Any CPU.Build.0 = Debug|Any CPU
		{4CA28B90-846C-4248-A6DC-48AE779BA829}.Release|Any CPU.ActiveCfg = Release|Any CPU
		{4CA28B90-846C-4248-A6DC-48AE779BA829}.Release|Any CPU.Build.0 = Release|Any CPU
		{CC145916-7DC6-4D8E-9EBE-053F5E08738C}.Debug|Any CPU.ActiveCfg = Debug|Any CPU
		{CC145916-7DC6-4D8E-9EBE-053F5E08738C}.Debug|Any CPU.Build.0 = Debug|Any CPU
		{CC145916-7DC6-4D8E-9EBE-053F5E08738C}.Release|Any CPU.ActiveCfg = Release|Any CPU
		{CC145916-7DC6-4D8E-9EBE-053F5E08738C}.Release|Any CPU.Build.0 = Release|Any CPU
		{92ADB1C6-FF6B-4041-8064-A52DD6DE8D04}.Debug|Any CPU.ActiveCfg = Debug|Any CPU
		{92ADB1C6-FF6B-4041-8064-A52DD6DE8D04}.Debug|Any CPU.Build.0 = Debug|Any CPU
		{92ADB1C6-FF6B-4041-8064-A52DD6DE8D04}.Release|Any CPU.ActiveCfg = Release|Any CPU
		{92ADB1C6-FF6B-4041-8064-A52DD6DE8D04}.Release|Any CPU.Build.0 = Release|Any CPU
		{8A85AC3B-B73C-4BFB-A910-841782A89501}.Debug|Any CPU.ActiveCfg = Debug|Any CPU
		{8A85AC3B-B73C-4BFB-A910-841782A89501}.Debug|Any CPU.Build.0 = Debug|Any CPU
		{8A85AC3B-B73C-4BFB-A910-841782A89501}.Release|Any CPU.ActiveCfg = Release|Any CPU
		{8A85AC3B-B73C-4BFB-A910-841782A89501}.Release|Any CPU.Build.0 = Release|Any CPU
	EndGlobalSection
	GlobalSection(SolutionProperties) = preSolution
		HideSolutionNode = FALSE
	EndGlobalSection
	GlobalSection(NestedProjects) = preSolution
		{CC145916-7DC6-4D8E-9EBE-053F5E08738C} = {1BA447FE-E619-4F52-9C40-BAE80D6AD334}
		{8A85AC3B-B73C-4BFB-A910-841782A89501} = {1BA447FE-E619-4F52-9C40-BAE80D6AD334}
	EndGlobalSection
	GlobalSection(ExtensibilityGlobals) = postSolution
		SolutionGuid = {09143D86-8242-4E20-93B9-E4D17CBEDC2A}
	EndGlobalSection
EndGlobal
